
Microsoft Visual Studio Solution File, Format Version 12.00
# Visual Studio Version 17
VisualStudioVersion = 17.14.36127.28 d17.14
MinimumVisualStudioVersion = 10.0.40219.1
Project("{2150E333-8FDC-42A3-9474-1A3956D46DE8}") = "Services", "Services", "{02EA681E-C7D8-13C7-8484-4AC65E1B71E8}"
EndProject
Project("{2150E333-8FDC-42A3-9474-1A3956D46DE8}") = "Gateway", "Gateway", "{02D3DD91-1094-48CC-A51D-4341C212D1FB}"
EndProject
Project("{2150E333-8FDC-42A3-9474-1A3956D46DE8}") = "Shared", "Shared", "{EEA8F07D-4FB0-4383-B055-2EE93BC1688A}"
EndProject
Project("{2150E333-8FDC-42A3-9474-1A3956D46DE8}") = "Frontend", "Frontend", "{D508D0CF-3FA6-4037-A635-21426B1D3194}"
EndProject
Project("{FAE04EC0-301F-11D3-BF4B-00C04F79EFBC}") = "LibraryShared", "LibraryShared\LibraryShared.csproj", "{C7785DDD-C0E9-4EC4-A639-967A18EA2910}"
EndProject
Project("{FAE04EC0-301F-11D3-BF4B-00C04F79EFBC}") = "Identity.API", "Identity.API\Identity.API.csproj", "{0AE2B43E-D408-41B4-86D4-1EF671FE2FD0}"
EndProject
Project("{FAE04EC0-301F-11D3-BF4B-00C04F79EFBC}") = "Book.API", "Book.API\Book.API.csproj", "{57209A9E-21FF-4D16-8BF5-195E29E8878C}"
EndProject
Project("{FAE04EC0-301F-11D3-BF4B-00C04F79EFBC}") = "Borrowing.API", "Borrowing.API\Borrowing.API.csproj", "{C8A42588-7156-4A2F-B43B-6F4D591146D6}"
EndProject
Project("{FAE04EC0-301F-11D3-BF4B-00C04F79EFBC}") = "Notification.API", "Notification.API\Notification.API.csproj", "{004D38C6-1001-43BC-AE8A-51D87CB1ADED}"
EndProject
Project("{FAE04EC0-301F-11D3-BF4B-00C04F79EFBC}") = "ApiGateway", "ApiGateway\ApiGateway.csproj", "{AED903A4-1E66-462F-AB32-7DFD471F5C36}"
EndProject
Project("{FAE04EC0-301F-11D3-BF4B-00C04F79EFBC}") = "LibraryFrontend", "LibraryFrontend\LibraryFrontend.csproj", "{507C24CF-25DD-4C3A-9AD8-531D8B957947}"
EndProject
Global
	GlobalSection(SolutionConfigurationPlatforms) = preSolution
		Debug|Any CPU = Debug|Any CPU
		Release|Any CPU = Release|Any CPU
	EndGlobalSection
	GlobalSection(ProjectConfigurationPlatforms) = postSolution
		{C7785DDD-C0E9-4EC4-A639-967A18EA2910}.Debug|Any CPU.ActiveCfg = Debug|Any CPU
		{C7785DDD-C0E9-4EC4-A639-967A18EA2910}.Debug|Any CPU.Build.0 = Debug|Any CPU
		{C7785DDD-C0E9-4EC4-A639-967A18EA2910}.Release|Any CPU.ActiveCfg = Release|Any CPU
		{C7785DDD-C0E9-4EC4-A639-967A18EA2910}.Release|Any CPU.Build.0 = Release|Any CPU
		{0AE2B43E-D408-41B4-86D4-1EF671FE2FD0}.Debug|Any CPU.ActiveCfg = Debug|Any CPU
		{0AE2B43E-D408-41B4-86D4-1EF671FE2FD0}.Debug|Any CPU.Build.0 = Debug|Any CPU
		{0AE2B43E-D408-41B4-86D4-1EF671FE2FD0}.Release|Any CPU.ActiveCfg = Release|Any CPU
		{0AE2B43E-D408-41B4-86D4-1EF671FE2FD0}.Release|Any CPU.Build.0 = Release|Any CPU
		{57209A9E-21FF-4D16-8BF5-195E29E8878C}.Debug|Any CPU.ActiveCfg = Debug|Any CPU
		{57209A9E-21FF-4D16-8BF5-195E29E8878C}.Debug|Any CPU.Build.0 = Debug|Any CPU
		{57209A9E-21FF-4D16-8BF5-195E29E8878C}.Release|Any CPU.ActiveCfg = Release|Any CPU
		{57209A9E-21FF-4D16-8BF5-195E29E8878C}.Release|Any CPU.Build.0 = Release|Any CPU
		{C8A42588-7156-4A2F-B43B-6F4D591146D6}.Debug|Any CPU.ActiveCfg = Debug|Any CPU
		{C8A42588-7156-4A2F-B43B-6F4D591146D6}.Debug|Any CPU.Build.0 = Debug|Any CPU
		{C8A42588-7156-4A2F-B43B-6F4D591146D6}.Release|Any CPU.ActiveCfg = Release|Any CPU
		{C8A42588-7156-4A2F-B43B-6F4D591146D6}.Release|Any CPU.Build.0 = Release|Any CPU
		{004D38C6-1001-43BC-AE8A-51D87CB1ADED}.Debug|Any CPU.ActiveCfg = Debug|Any CPU
		{004D38C6-1001-43BC-AE8A-51D87CB1ADED}.Debug|Any CPU.Build.0 = Debug|Any CPU
		{004D38C6-1001-43BC-AE8A-51D87CB1ADED}.Release|Any CPU.ActiveCfg = Release|Any CPU
		{004D38C6-1001-43BC-AE8A-51D87CB1ADED}.Release|Any CPU.Build.0 = Release|Any CPU
		{AED903A4-1E66-462F-AB32-7DFD471F5C36}.Debug|Any CPU.ActiveCfg = Debug|Any CPU
		{AED903A4-1E66-462F-AB32-7DFD471F5C36}.Debug|Any CPU.Build.0 = Debug|Any CPU
		{AED903A4-1E66-462F-AB32-7DFD471F5C36}.Release|Any CPU.ActiveCfg = Release|Any CPU
		{AED903A4-1E66-462F-AB32-7DFD471F5C36}.Release|Any CPU.Build.0 = Release|Any CPU
		{507C24CF-25DD-4C3A-9AD8-531D8B957947}.Debug|Any CPU.ActiveCfg = Debug|Any CPU
		{507C24CF-25DD-4C3A-9AD8-531D8B957947}.Debug|Any CPU.Build.0 = Debug|Any CPU
		{507C24CF-25DD-4C3A-9AD8-531D8B957947}.Release|Any CPU.ActiveCfg = Release|Any CPU
		{507C24CF-25DD-4C3A-9AD8-531D8B957947}.Release|Any CPU.Build.0 = Release|Any CPU
	EndGlobalSection
	GlobalSection(SolutionProperties) = preSolution
		HideSolutionNode = FALSE
	EndGlobalSection
	GlobalSection(NestedProjects) = preSolution
		{C7785DDD-C0E9-4EC4-A639-967A18EA2910} = {EEA8F07D-4FB0-4383-B055-2EE93BC1688A}
		{0AE2B43E-D408-41B4-86D4-1EF671FE2FD0} = {02EA681E-C7D8-13C7-8484-4AC65E1B71E8}
		{57209A9E-21FF-4D16-8BF5-195E29E8878C} = {02EA681E-C7D8-13C7-8484-4AC65E1B71E8}
		{C8A42588-7156-4A2F-B43B-6F4D591146D6} = {02EA681E-C7D8-13C7-8484-4AC65E1B71E8}
		{004D38C6-1001-43BC-AE8A-51D87CB1ADED} = {02EA681E-C7D8-13C7-8484-4AC65E1B71E8}
		{AED903A4-1E66-462F-AB32-7DFD471F5C36} = {02D3DD91-1094-48CC-A51D-4341C212D1FB}
		{507C24CF-25DD-4C3A-9AD8-531D8B957947} = {D508D0CF-3FA6-4037-A635-21426B1D3194}
	EndGlobalSection
	GlobalSection(ExtensibilityGlobals) = postSolution
		SolutionGuid = {D7C3B770-5390-4FCA-9AE4-2B3B58B857D8}
	EndGlobalSection
EndGlobal
